// !$*UTF8*$!
{
	archiveVersion = 1;
	classes = {
	};
	objectVersion = 46;
	objects = {

/* Begin PBXBuildFile section */
		5F7707551AA0CD4B0018AEBB /* AppDelegate.swift in Sources */ = {isa = PBXBuildFile; fileRef = 5F7707541AA0CD4B0018AEBB /* AppDelegate.swift */; };
		5F7707571AA0CD4B0018AEBB /* ViewController.swift in Sources */ = {isa = PBXBuildFile; fileRef = 5F7707561AA0CD4B0018AEBB /* ViewController.swift */; };
		5F77075A1AA0CD4B0018AEBB /* Main.storyboard in Resources */ = {isa = PBXBuildFile; fileRef = 5F7707581AA0CD4B0018AEBB /* Main.storyboard */; };
		5F77075C1AA0CD4B0018AEBB /* Images.xcassets in Resources */ = {isa = PBXBuildFile; fileRef = 5F77075B1AA0CD4B0018AEBB /* Images.xcassets */; };
		5F77075F1AA0CD4B0018AEBB /* LaunchScreen.xib in Resources */ = {isa = PBXBuildFile; fileRef = 5F77075D1AA0CD4B0018AEBB /* LaunchScreen.xib */; };
		5F77076B1AA0CD4B0018AEBB /* RTAppTests.swift in Sources */ = {isa = PBXBuildFile; fileRef = 5F77076A1AA0CD4B0018AEBB /* RTAppTests.swift */; };
/* End PBXBuildFile section */

/* Begin PBXContainerItemProxy section */
		5F7707651AA0CD4B0018AEBB /* PBXContainerItemProxy */ = {
			isa = PBXContainerItemProxy;
			containerPortal = 5F7707471AA0CD4B0018AEBB /* Project object */;
			proxyType = 1;
			remoteGlobalIDString = 5F77074E1AA0CD4B0018AEBB;
			remoteInfo = RTApp;
		};
/* End PBXContainerItemProxy section */

/* Begin PBXFileReference section */
		5F77074F1AA0CD4B0018AEBB /* RTApp.app */ = {isa = PBXFileReference; explicitFileType = wrapper.application; includeInIndex = 0; path = RTApp.app; sourceTree = BUILT_PRODUCTS_DIR; };
		5F7707531AA0CD4B0018AEBB /* Info.plist */ = {isa = PBXFileReference; lastKnownFileType = text.plist.xml; path = Info.plist; sourceTree = "<group>"; };
		5F7707541AA0CD4B0018AEBB /* AppDelegate.swift */ = {isa = PBXFileReference; lastKnownFileType = sourcecode.swift; path = AppDelegate.swift; sourceTree = "<group>"; };
		5F7707561AA0CD4B0018AEBB /* ViewController.swift */ = {isa = PBXFileReference; lastKnownFileType = sourcecode.swift; path = ViewController.swift; sourceTree = "<group>"; };
		5F7707591AA0CD4B0018AEBB /* Base */ = {isa = PBXFileReference; lastKnownFileType = file.storyboard; name = Base; path = Base.lproj/Main.storyboard; sourceTree = "<group>"; };
		5F77075B1AA0CD4B0018AEBB /* Images.xcassets */ = {isa = PBXFileReference; lastKnownFileType = folder.assetcatalog; path = Images.xcassets; sourceTree = "<group>"; };
		5F77075E1AA0CD4B0018AEBB /* Base */ = {isa = PBXFileReference; lastKnownFileType = file.xib; name = Base; path = Base.lproj/LaunchScreen.xib; sourceTree = "<group>"; };
		5F7707641AA0CD4B0018AEBB /* RTAppTests.xctest */ = {isa = PBXFileReference; explicitFileType = wrapper.cfbundle; includeInIndex = 0; path = RTAppTests.xctest; sourceTree = BUILT_PRODUCTS_DIR; };
		5F7707691AA0CD4B0018AEBB /* Info.plist */ = {isa = PBXFileReference; lastKnownFileType = text.plist.xml; path = Info.plist; sourceTree = "<group>"; };
		5F77076A1AA0CD4B0018AEBB /* RTAppTests.swift */ = {isa = PBXFileReference; lastKnownFileType = sourcecode.swift; path = RTAppTests.swift; sourceTree = "<group>"; };
/* End PBXFileReference section */

/* Begin PBXFrameworksBuildPhase section */
		5F77074C1AA0CD4B0018AEBB /* Frameworks */ = {
			isa = PBXFrameworksBuildPhase;
			buildActionMask = 2147483647;
			files = (
			);
			runOnlyForDeploymentPostprocessing = 0;
		};
		5F7707611AA0CD4B0018AEBB /* Frameworks */ = {
			isa = PBXFrameworksBuildPhase;
			buildActionMask = 2147483647;
			files = (
			);
			runOnlyForDeploymentPostprocessing = 0;
		};
/* End PBXFrameworksBuildPhase section */

/* Begin PBXGroup section */
		5F7707461AA0CD4B0018AEBB = {
			isa = PBXGroup;
			children = (
				5F7707511AA0CD4B0018AEBB /* RTApp */,
				5F7707671AA0CD4B0018AEBB /* RTAppTests */,
				5F7707501AA0CD4B0018AEBB /* Products */,
			);
			sourceTree = "<group>";
		};
		5F7707501AA0CD4B0018AEBB /* Products */ = {
			isa = PBXGroup;
			children = (
				5F77074F1AA0CD4B0018AEBB /* RTApp.app */,
				5F7707641AA0CD4B0018AEBB /* RTAppTests.xctest */,
			);
			name = Products;
			sourceTree = "<group>";
		};
		5F7707511AA0CD4B0018AEBB /* RTApp */ = {
			isa = PBXGroup;
			children = (
				5F7707541AA0CD4B0018AEBB /* AppDelegate.swift */,
				5F7707561AA0CD4B0018AEBB /* ViewController.swift */,
				5F7707581AA0CD4B0018AEBB /* Main.storyboard */,
				5F77075B1AA0CD4B0018AEBB /* Images.xcassets */,
				5F77075D1AA0CD4B0018AEBB /* LaunchScreen.xib */,
				5F7707521AA0CD4B0018AEBB /* Supporting Files */,
			);
			path = RTApp;
			sourceTree = "<group>";
		};
		5F7707521AA0CD4B0018AEBB /* Supporting Files */ = {
			isa = PBXGroup;
			children = (
				5F7707531AA0CD4B0018AEBB /* Info.plist */,
			);
			name = "Supporting Files";
			sourceTree = "<group>";
		};
		5F7707671AA0CD4B0018AEBB /* RTAppTests */ = {
			isa = PBXGroup;
			children = (
				5F77076A1AA0CD4B0018AEBB /* RTAppTests.swift */,
				5F7707681AA0CD4B0018AEBB /* Supporting Files */,
			);
			path = RTAppTests;
			sourceTree = "<group>";
		};
		5F7707681AA0CD4B0018AEBB /* Supporting Files */ = {
			isa = PBXGroup;
			children = (
				5F7707691AA0CD4B0018AEBB /* Info.plist */,
			);
			name = "Supporting Files";
			sourceTree = "<group>";
		};
/* End PBXGroup section */

/* Begin PBXNativeTarget section */
		5F77074E1AA0CD4B0018AEBB /* RTApp */ = {
			isa = PBXNativeTarget;
			buildConfigurationList = 5F77076E1AA0CD4B0018AEBB /* Build configuration list for PBXNativeTarget "RTApp" */;
			buildPhases = (
				5F77074B1AA0CD4B0018AEBB /* Sources */,
				5F77074C1AA0CD4B0018AEBB /* Frameworks */,
				5F77074D1AA0CD4B0018AEBB /* Resources */,
			);
			buildRules = (
			);
			dependencies = (
			);
			name = RTApp;
			productName = RTApp;
			productReference = 5F77074F1AA0CD4B0018AEBB /* RTApp.app */;
			productType = "com.apple.product-type.application";
		};
		5F7707631AA0CD4B0018AEBB /* RTAppTests */ = {
			isa = PBXNativeTarget;
			buildConfigurationList = 5F7707711AA0CD4B0018AEBB /* Build configuration list for PBXNativeTarget "RTAppTests" */;
			buildPhases = (
				5F7707601AA0CD4B0018AEBB /* Sources */,
				5F7707611AA0CD4B0018AEBB /* Frameworks */,
				5F7707621AA0CD4B0018AEBB /* Resources */,
			);
			buildRules = (
			);
			dependencies = (
				5F7707661AA0CD4B0018AEBB /* PBXTargetDependency */,
			);
			name = RTAppTests;
			productName = RTAppTests;
			productReference = 5F7707641AA0CD4B0018AEBB /* RTAppTests.xctest */;
			productType = "com.apple.product-type.bundle.unit-test";
		};
/* End PBXNativeTarget section */

/* Begin PBXProject section */
		5F7707471AA0CD4B0018AEBB /* Project object */ = {
			isa = PBXProject;
			attributes = {
				LastUpgradeCheck = 0610;
				ORGANIZATIONNAME = "Ben Barclay";
				TargetAttributes = {
					5F77074E1AA0CD4B0018AEBB = {
						CreatedOnToolsVersion = 6.1.1;
					};
					5F7707631AA0CD4B0018AEBB = {
						CreatedOnToolsVersion = 6.1.1;
						TestTargetID = 5F77074E1AA0CD4B0018AEBB;
					};
				};
			};
			buildConfigurationList = 5F77074A1AA0CD4B0018AEBB /* Build configuration list for PBXProject "RTApp" */;
			compatibilityVersion = "Xcode 3.2";
			developmentRegion = English;
			hasScannedForEncodings = 0;
			knownRegions = (
				en,
				Base,
			);
			mainGroup = 5F7707461AA0CD4B0018AEBB;
			productRefGroup = 5F7707501AA0CD4B0018AEBB /* Products */;
			projectDirPath = "";
			projectRoot = "";
			targets = (
				5F77074E1AA0CD4B0018AEBB /* RTApp */,
				5F7707631AA0CD4B0018AEBB /* RTAppTests */,
			);
		};
/* End PBXProject section */

/* Begin PBXResourcesBuildPhase section */
		5F77074D1AA0CD4B0018AEBB /* Resources */ = {
			isa = PBXResourcesBuildPhase;
			buildActionMask = 2147483647;
			files = (
				5F77075A1AA0CD4B0018AEBB /* Main.storyboard in Resources */,
				5F77075F1AA0CD4B0018AEBB /* LaunchScreen.xib in Resources */,
				5F77075C1AA0CD4B0018AEBB /* Images.xcassets in Resources */,
			);
			runOnlyForDeploymentPostprocessing = 0;
		};
		5F7707621AA0CD4B0018AEBB /* Resources */ = {
			isa = PBXResourcesBuildPhase;
			buildActionMask = 2147483647;
			files = (
			);
			runOnlyForDeploymentPostprocessing = 0;
		};
/* End PBXResourcesBuildPhase section */

/* Begin PBXSourcesBuildPhase section */
		5F77074B1AA0CD4B0018AEBB /* Sources */ = {
			isa = PBXSourcesBuildPhase;
			buildActionMask = 2147483647;
			files = (
				5F7707571AA0CD4B0018AEBB /* ViewController.swift in Sources */,
				5F7707551AA0CD4B0018AEBB /* AppDelegate.swift in Sources */,
			);
			runOnlyForDeploymentPostprocessing = 0;
		};
		5F7707601AA0CD4B0018AEBB /* Sources */ = {
			isa = PBXSourcesBuildPhase;
			buildActionMask = 2147483647;
			files = (
				5F77076B1AA0CD4B0018AEBB /* RTAppTests.swift in Sources */,
			);
			runOnlyForDeploymentPostprocessing = 0;
		};
/* End PBXSourcesBuildPhase section */

/* Begin PBXTargetDependency section */
		5F7707661AA0CD4B0018AEBB /* PBXTargetDependency */ = {
			isa = PBXTargetDependency;
			target = 5F77074E1AA0CD4B0018AEBB /* RTApp */;
			targetProxy = 5F7707651AA0CD4B0018AEBB /* PBXContainerItemProxy */;
		};
/* End PBXTargetDependency section */

/* Begin PBXVariantGroup section */
		5F7707581AA0CD4B0018AEBB /* Main.storyboard */ = {
			isa = PBXVariantGroup;
			children = (
				5F7707591AA0CD4B0018AEBB /* Base */,
			);
			name = Main.storyboard;
			sourceTree = "<group>";
		};
		5F77075D1AA0CD4B0018AEBB /* LaunchScreen.xib */ = {
			isa = PBXVariantGroup;
			children = (
				5F77075E1AA0CD4B0018AEBB /* Base */,
			);
			name = LaunchScreen.xib;
			sourceTree = "<group>";
		};
/* End PBXVariantGroup section */

/* Begin XCBuildConfiguration section */
		5F77076C1AA0CD4B0018AEBB /* Debug */ = {
			isa = XCBuildConfiguration;
			buildSettings = {
				ALWAYS_SEARCH_USER_PATHS = NO;
				CLANG_CXX_LANGUAGE_STANDARD = "gnu++0x";
				CLANG_CXX_LIBRARY = "libc++";
				CLANG_ENABLE_MODULES = YES;
				CLANG_ENABLE_OBJC_ARC = YES;
				CLANG_WARN_BOOL_CONVERSION = YES;
				CLANG_WARN_CONSTANT_CONVERSION = YES;
				CLANG_WARN_DIRECT_OBJC_ISA_USAGE = YES_ERROR;
				CLANG_WARN_EMPTY_BODY = YES;
				CLANG_WARN_ENUM_CONVERSION = YES;
				CLANG_WARN_INT_CONVERSION = YES;
				CLANG_WARN_OBJC_ROOT_CLASS = YES_ERROR;
				CLANG_WARN_UNREACHABLE_CODE = YES;
				CLANG_WARN__DUPLICATE_METHOD_MATCH = YES;
				"CODE_SIGN_IDENTITY[sdk=iphoneos*]" = "iPhone Developer";
				COPY_PHASE_STRIP = NO;
				ENABLE_STRICT_OBJC_MSGSEND = YES;
				GCC_C_LANGUAGE_STANDARD = gnu99;
				GCC_DYNAMIC_NO_PIC = NO;
				GCC_OPTIMIZATION_LEVEL = 0;
				GCC_PREPROCESSOR_DEFINITIONS = (
					"DEBUG=1",
					"$(inherited)",
				);
				GCC_SYMBOLS_PRIVATE_EXTERN = NO;
				GCC_WARN_64_TO_32_BIT_CONVERSION = YES;
				GCC_WARN_ABOUT_RETURN_TYPE = YES_ERROR;
				GCC_WARN_UNDECLARED_SELECTOR = YES;
				GCC_WARN_UNINITIALIZED_AUTOS = YES_AGGRESSIVE;
				GCC_WARN_UNUSED_FUNCTION = YES;
				GCC_WARN_UNUSED_VARIABLE = YES;
				IPHONEOS_DEPLOYMENT_TARGET = 8.1;
				MTL_ENABLE_DEBUG_INFO = YES;
				ONLY_ACTIVE_ARCH = YES;
				SDKROOT = iphoneos;
				SWIFT_OPTIMIZATION_LEVEL = "-Onone";
			};
			name = Debug;
		};
		5F77076D1AA0CD4B0018AEBB /* Release */ = {
			isa = XCBuildConfiguration;
			buildSettings = {
				ALWAYS_SEARCH_USER_PATHS = NO;
				CLANG_CXX_LANGUAGE_STANDARD = "gnu++0x";
				CLANG_CXX_LIBRARY = "libc++";
				CLANG_ENABLE_MODULES = YES;
				CLANG_ENABLE_OBJC_ARC = YES;
				CLANG_WARN_BOOL_CONVERSION = YES;
				CLANG_WARN_CONSTANT_CONVERSION = YES;
				CLANG_WARN_DIRECT_OBJC_ISA_USAGE = YES_ERROR;
				CLANG_WARN_EMPTY_BODY = YES;
				CLANG_WARN_ENUM_CONVERSION = YES;
				CLANG_WARN_INT_CONVERSION = YES;
				CLANG_WARN_OBJC_ROOT_CLASS = YES_ERROR;
				CLANG_WARN_UNREACHABLE_CODE = YES;
				CLANG_WARN__DUPLICATE_METHOD_MATCH = YES;
				"CODE_SIGN_IDENTITY[sdk=iphoneos*]" = "iPhone Developer";
				COPY_PHASE_STRIP = YES;
				ENABLE_NS_ASSERTIONS = NO;
				ENABLE_STRICT_OBJC_MSGSEND = YES;
				GCC_C_LANGUAGE_STANDARD = gnu99;
				GCC_WARN_64_TO_32_BIT_CONVERSION = YES;
				GCC_WARN_ABOUT_RETURN_TYPE = YES_ERROR;
				GCC_WARN_UNDECLARED_SELECTOR = YES;
				GCC_WARN_UNINITIALIZED_AUTOS = YES_AGGRESSIVE;
				GCC_WARN_UNUSED_FUNCTION = YES;
				GCC_WARN_UNUSED_VARIABLE = YES;
				IPHONEOS_DEPLOYMENT_TARGET = 8.1;
				MTL_ENABLE_DEBUG_INFO = NO;
				SDKROOT = iphoneos;
				VALIDATE_PRODUCT = YES;
			};
			name = Release;
		};
		5F77076F1AA0CD4B0018AEBB /* Debug */ = {
			isa = XCBuildConfiguration;
			buildSettings = {
				ASSETCATALOG_COMPILER_APPICON_NAME = AppIcon;
				INFOPLIST_FILE = RTApp/Info.plist;
				LD_RUNPATH_SEARCH_PATHS = "$(inherited) @executable_path/Frameworks";
				PRODUCT_NAME = "$(TARGET_NAME)";
			};
			name = Debug;
		};
		5F7707701AA0CD4B0018AEBB /* Release */ = {
			isa = XCBuildConfiguration;
			buildSettings = {
				ASSETCATALOG_COMPILER_APPICON_NAME = AppIcon;
				INFOPLIST_FILE = RTApp/Info.plist;
				LD_RUNPATH_SEARCH_PATHS = "$(inherited) @executable_path/Frameworks";
				PRODUCT_NAME = "$(TARGET_NAME)";
			};
			name = Release;
		};
		5F7707721AA0CD4B0018AEBB /* Debug */ = {
			isa = XCBuildConfiguration;
			buildSettings = {
				BUNDLE_LOADER = "$(TEST_HOST)";
				FRAMEWORK_SEARCH_PATHS = (
					"$(SDKROOT)/Developer/Library/Frameworks",
					"$(inherited)",
				);
				GCC_PREPROCESSOR_DEFINITIONS = (
					"DEBUG=1",
					"$(inherited)",
				);
				INFOPLIST_FILE = RTAppTests/Info.plist;
				LD_RUNPATH_SEARCH_PATHS = "$(inherited) @executable_path/Frameworks @loader_path/Frameworks";
				PRODUCT_NAME = "$(TARGET_NAME)";
				TEST_HOST = "$(BUILT_PRODUCTS_DIR)/RTApp.app/RTApp";
			};
			name = Debug;
		};
		5F7707731AA0CD4B0018AEBB /* Release */ = {
			isa = XCBuildConfiguration;
			buildSettings = {
				BUNDLE_LOADER = "$(TEST_HOST)";
				FRAMEWORK_SEARCH_PATHS = (
					"$(SDKROOT)/Developer/Library/Frameworks",
					"$(inherited)",
				);
				INFOPLIST_FILE = RTAppTests/Info.plist;
				LD_RUNPATH_SEARCH_PATHS = "$(inherited) @executable_path/Frameworks @loader_path/Frameworks";
				PRODUCT_NAME = "$(TARGET_NAME)";
				TEST_HOST = "$(BUILT_PRODUCTS_DIR)/RTApp.app/RTApp";
			};
			name = Release;
		};
/* End XCBuildConfiguration section */

/* Begin XCConfigurationList section */
		5F77074A1AA0CD4B0018AEBB /* Build configuration list for PBXProject "RTApp" */ = {
			isa = XCConfigurationList;
			buildConfigurations = (
				5F77076C1AA0CD4B0018AEBB /* Debug */,
				5F77076D1AA0CD4B0018AEBB /* Release */,
			);
			defaultConfigurationIsVisible = 0;
			defaultConfigurationName = Release;
		};
		5F77076E1AA0CD4B0018AEBB /* Build configuration list for PBXNativeTarget "RTApp" */ = {
			isa = XCConfigurationList;
			buildConfigurations = (
				5F77076F1AA0CD4B0018AEBB /* Debug */,
				5F7707701AA0CD4B0018AEBB /* Release */,
			);
			defaultConfigurationIsVisible = 0;
		};
		5F7707711AA0CD4B0018AEBB /* Build configuration list for PBXNativeTarget "RTAppTests" */ = {
			isa = XCConfigurationList;
			buildConfigurations = (
				5F7707721AA0CD4B0018AEBB /* Debug */,
				5F7707731AA0CD4B0018AEBB /* Release */,
			);
			defaultConfigurationIsVisible = 0;
		};
/* End XCConfigurationList section */
	};
	rootObject = 5F7707471AA0CD4B0018AEBB /* Project object */;
}
