// !$*UTF8*$!
{
	archiveVersion = 1;
	classes = {
	};
	objectVersion = 46;
	objects = {

/* Begin PBXBuildFile section */
		5F1AB44A1AA4D550004844CA /* messagesVC.swift in Sources */ = {isa = PBXBuildFile; fileRef = 5F1AB4491AA4D550004844CA /* messagesVC.swift */; };
		5F1AB44C1AA4D616004844CA /* messageCell.swift in Sources */ = {isa = PBXBuildFile; fileRef = 5F1AB44B1AA4D616004844CA /* messageCell.swift */; };
		5F1AB44E1AA4EB20004844CA /* userDetailVC.swift in Sources */ = {isa = PBXBuildFile; fileRef = 5F1AB44D1AA4EB20004844CA /* userDetailVC.swift */; };
		5F1AB4501AA4FB10004844CA /* homeVC.swift in Sources */ = {isa = PBXBuildFile; fileRef = 5F1AB44F1AA4FB10004844CA /* homeVC.swift */; };
		5F1AB4541AA503AE004844CA /* kegeratorVC.swift in Sources */ = {isa = PBXBuildFile; fileRef = 5F1AB4531AA503AE004844CA /* kegeratorVC.swift */; };
		5F1AB4561AA515D7004844CA /* profileVC.swift in Sources */ = {isa = PBXBuildFile; fileRef = 5F1AB4551AA515D7004844CA /* profileVC.swift */; };
		5F5CC3881AA63B7900913C01 /* beerVC.swift in Sources */ = {isa = PBXBuildFile; fileRef = 5F5CC3871AA63B7900913C01 /* beerVC.swift */; };
		5F5CC38A1AA63DBE00913C01 /* beer.png in Resources */ = {isa = PBXBuildFile; fileRef = 5F5CC3891AA63DBE00913C01 /* beer.png */; };
		5F72227A1AA616F900741245 /* beerCell.swift in Sources */ = {isa = PBXBuildFile; fileRef = 5F7222791AA616F900741245 /* beerCell.swift */; };
		5F7707551AA0CD4B0018AEBB /* AppDelegate.swift in Sources */ = {isa = PBXBuildFile; fileRef = 5F7707541AA0CD4B0018AEBB /* AppDelegate.swift */; };
		5F7707571AA0CD4B0018AEBB /* loginVC.swift in Sources */ = {isa = PBXBuildFile; fileRef = 5F7707561AA0CD4B0018AEBB /* loginVC.swift */; };
		5F77075A1AA0CD4B0018AEBB /* Main.storyboard in Resources */ = {isa = PBXBuildFile; fileRef = 5F7707581AA0CD4B0018AEBB /* Main.storyboard */; };
		5F77075C1AA0CD4B0018AEBB /* Images.xcassets in Resources */ = {isa = PBXBuildFile; fileRef = 5F77075B1AA0CD4B0018AEBB /* Images.xcassets */; };
		5F77075F1AA0CD4B0018AEBB /* LaunchScreen.xib in Resources */ = {isa = PBXBuildFile; fileRef = 5F77075D1AA0CD4B0018AEBB /* LaunchScreen.xib */; };
		5F77076B1AA0CD4B0018AEBB /* RTAppTests.swift in Sources */ = {isa = PBXBuildFile; fileRef = 5F77076A1AA0CD4B0018AEBB /* RTAppTests.swift */; };
		5F7707751AA0CE920018AEBB /* signupVC.swift in Sources */ = {isa = PBXBuildFile; fileRef = 5F7707741AA0CE920018AEBB /* signupVC.swift */; };
		5F7707771AA0CF3A0018AEBB /* 3.png in Resources */ = {isa = PBXBuildFile; fileRef = 5F7707761AA0CF3A0018AEBB /* 3.png */; };
		5F77077A1AA0D7BE0018AEBB /* Bolts.framework in Frameworks */ = {isa = PBXBuildFile; fileRef = 5F7707781AA0D7BE0018AEBB /* Bolts.framework */; };
		5F77077B1AA0D7BE0018AEBB /* Parse.framework in Frameworks */ = {isa = PBXBuildFile; fileRef = 5F7707791AA0D7BE0018AEBB /* Parse.framework */; };
		5F77077D1AA0D7D60018AEBB /* AudioToolbox.framework in Frameworks */ = {isa = PBXBuildFile; fileRef = 5F77077C1AA0D7D60018AEBB /* AudioToolbox.framework */; };
		5F77077F1AA0D7DC0018AEBB /* CFNetwork.framework in Frameworks */ = {isa = PBXBuildFile; fileRef = 5F77077E1AA0D7DC0018AEBB /* CFNetwork.framework */; };
		5F7707811AA0D7E10018AEBB /* CoreGraphics.framework in Frameworks */ = {isa = PBXBuildFile; fileRef = 5F7707801AA0D7E10018AEBB /* CoreGraphics.framework */; };
		5F7707831AA0D7E60018AEBB /* CoreLocation.framework in Frameworks */ = {isa = PBXBuildFile; fileRef = 5F7707821AA0D7E60018AEBB /* CoreLocation.framework */; };
		5F7707851AA0D7EB0018AEBB /* MobileCoreServices.framework in Frameworks */ = {isa = PBXBuildFile; fileRef = 5F7707841AA0D7EB0018AEBB /* MobileCoreServices.framework */; };
		5F7707871AA0D7F00018AEBB /* QuartzCore.framework in Frameworks */ = {isa = PBXBuildFile; fileRef = 5F7707861AA0D7F00018AEBB /* QuartzCore.framework */; };
		5F7707891AA0D7F40018AEBB /* Security.framework in Frameworks */ = {isa = PBXBuildFile; fileRef = 5F7707881AA0D7F40018AEBB /* Security.framework */; };
		5F77078B1AA0D7F90018AEBB /* StoreKit.framework in Frameworks */ = {isa = PBXBuildFile; fileRef = 5F77078A1AA0D7F90018AEBB /* StoreKit.framework */; };
		5F77078D1AA0D7FE0018AEBB /* SystemConfiguration.framework in Frameworks */ = {isa = PBXBuildFile; fileRef = 5F77078C1AA0D7FE0018AEBB /* SystemConfiguration.framework */; };
		5F77078F1AA0D8030018AEBB /* libz.dylib in Frameworks */ = {isa = PBXBuildFile; fileRef = 5F77078E1AA0D8030018AEBB /* libz.dylib */; };
		5F7707911AA0D8090018AEBB /* libsqlite3.dylib in Frameworks */ = {isa = PBXBuildFile; fileRef = 5F7707901AA0D8090018AEBB /* libsqlite3.dylib */; };
		5F7707951AA0D82A0018AEBB /* RTAppHeader.m in Sources */ = {isa = PBXBuildFile; fileRef = 5F7707941AA0D82A0018AEBB /* RTAppHeader.m */; };
		5F7707991AA0DF6D0018AEBB /* userVC.swift in Sources */ = {isa = PBXBuildFile; fileRef = 5F7707981AA0DF6D0018AEBB /* userVC.swift */; };
		5F77079B1AA0E0250018AEBB /* resultsCell.swift in Sources */ = {isa = PBXBuildFile; fileRef = 5F77079A1AA0E0250018AEBB /* resultsCell.swift */; };
		5F77079D1AA0F4C80018AEBB /* conversationVC.swift in Sources */ = {isa = PBXBuildFile; fileRef = 5F77079C1AA0F4C80018AEBB /* conversationVC.swift */; };
		5F859C4A1AA7A4EF00C6B1C3 /* AddressBook.framework in Frameworks */ = {isa = PBXBuildFile; fileRef = 5F859C491AA7A4EF00C6B1C3 /* AddressBook.framework */; };
		5F859C4C1AA7B23200C6B1C3 /* statusVC.swift in Sources */ = {isa = PBXBuildFile; fileRef = 5F859C4B1AA7B23200C6B1C3 /* statusVC.swift */; };
/* End PBXBuildFile section */

/* Begin PBXContainerItemProxy section */
		5F7707651AA0CD4B0018AEBB /* PBXContainerItemProxy */ = {
			isa = PBXContainerItemProxy;
			containerPortal = 5F7707471AA0CD4B0018AEBB /* Project object */;
			proxyType = 1;
			remoteGlobalIDString = 5F77074E1AA0CD4B0018AEBB;
			remoteInfo = RTApp;
		};
/* End PBXContainerItemProxy section */

/* Begin PBXFileReference section */
		5F1AB4491AA4D550004844CA /* messagesVC.swift */ = {isa = PBXFileReference; fileEncoding = 4; lastKnownFileType = sourcecode.swift; path = messagesVC.swift; sourceTree = "<group>"; };
		5F1AB44B1AA4D616004844CA /* messageCell.swift */ = {isa = PBXFileReference; fileEncoding = 4; lastKnownFileType = sourcecode.swift; path = messageCell.swift; sourceTree = "<group>"; };
		5F1AB44D1AA4EB20004844CA /* userDetailVC.swift */ = {isa = PBXFileReference; fileEncoding = 4; lastKnownFileType = sourcecode.swift; path = userDetailVC.swift; sourceTree = "<group>"; };
		5F1AB44F1AA4FB10004844CA /* homeVC.swift */ = {isa = PBXFileReference; fileEncoding = 4; lastKnownFileType = sourcecode.swift; path = homeVC.swift; sourceTree = "<group>"; };
		5F1AB4531AA503AE004844CA /* kegeratorVC.swift */ = {isa = PBXFileReference; fileEncoding = 4; lastKnownFileType = sourcecode.swift; path = kegeratorVC.swift; sourceTree = "<group>"; };
		5F1AB4551AA515D7004844CA /* profileVC.swift */ = {isa = PBXFileReference; fileEncoding = 4; lastKnownFileType = sourcecode.swift; path = profileVC.swift; sourceTree = "<group>"; };
		5F5CC3871AA63B7900913C01 /* beerVC.swift */ = {isa = PBXFileReference; fileEncoding = 4; lastKnownFileType = sourcecode.swift; path = beerVC.swift; sourceTree = "<group>"; };
		5F5CC3891AA63DBE00913C01 /* beer.png */ = {isa = PBXFileReference; lastKnownFileType = image.png; name = beer.png; path = ../../../Downloads/beer.png; sourceTree = "<group>"; };
		5F7222791AA616F900741245 /* beerCell.swift */ = {isa = PBXFileReference; fileEncoding = 4; lastKnownFileType = sourcecode.swift; path = beerCell.swift; sourceTree = "<group>"; };
		5F77074F1AA0CD4B0018AEBB /* RTApp.app */ = {isa = PBXFileReference; explicitFileType = wrapper.application; includeInIndex = 0; path = RTApp.app; sourceTree = BUILT_PRODUCTS_DIR; };
		5F7707531AA0CD4B0018AEBB /* Info.plist */ = {isa = PBXFileReference; lastKnownFileType = text.plist.xml; path = Info.plist; sourceTree = "<group>"; };
		5F7707541AA0CD4B0018AEBB /* AppDelegate.swift */ = {isa = PBXFileReference; lastKnownFileType = sourcecode.swift; path = AppDelegate.swift; sourceTree = "<group>"; };
		5F7707561AA0CD4B0018AEBB /* loginVC.swift */ = {isa = PBXFileReference; lastKnownFileType = sourcecode.swift; path = loginVC.swift; sourceTree = "<group>"; };
		5F7707591AA0CD4B0018AEBB /* Base */ = {isa = PBXFileReference; lastKnownFileType = file.storyboard; name = Base; path = Base.lproj/Main.storyboard; sourceTree = "<group>"; };
		5F77075B1AA0CD4B0018AEBB /* Images.xcassets */ = {isa = PBXFileReference; lastKnownFileType = folder.assetcatalog; path = Images.xcassets; sourceTree = "<group>"; };
		5F77075E1AA0CD4B0018AEBB /* Base */ = {isa = PBXFileReference; lastKnownFileType = file.xib; name = Base; path = Base.lproj/LaunchScreen.xib; sourceTree = "<group>"; };
		5F7707641AA0CD4B0018AEBB /* RTAppTests.xctest */ = {isa = PBXFileReference; explicitFileType = wrapper.cfbundle; includeInIndex = 0; path = RTAppTests.xctest; sourceTree = BUILT_PRODUCTS_DIR; };
		5F7707691AA0CD4B0018AEBB /* Info.plist */ = {isa = PBXFileReference; lastKnownFileType = text.plist.xml; path = Info.plist; sourceTree = "<group>"; };
		5F77076A1AA0CD4B0018AEBB /* RTAppTests.swift */ = {isa = PBXFileReference; lastKnownFileType = sourcecode.swift; path = RTAppTests.swift; sourceTree = "<group>"; };
		5F7707741AA0CE920018AEBB /* signupVC.swift */ = {isa = PBXFileReference; fileEncoding = 4; lastKnownFileType = sourcecode.swift; path = signupVC.swift; sourceTree = "<group>"; };
		5F7707761AA0CF3A0018AEBB /* 3.png */ = {isa = PBXFileReference; lastKnownFileType = image.png; name = 3.png; path = ../../../Pictures/3.png; sourceTree = "<group>"; };
		5F7707781AA0D7BE0018AEBB /* Bolts.framework */ = {isa = PBXFileReference; lastKnownFileType = wrapper.framework; name = Bolts.framework; path = "../../Downloads/parse-library-1.6.3/Bolts.framework"; sourceTree = "<group>"; };
		5F7707791AA0D7BE0018AEBB /* Parse.framework */ = {isa = PBXFileReference; lastKnownFileType = wrapper.framework; name = Parse.framework; path = "../../Downloads/parse-library-1.6.3/Parse.framework"; sourceTree = "<group>"; };
		5F77077C1AA0D7D60018AEBB /* AudioToolbox.framework */ = {isa = PBXFileReference; lastKnownFileType = wrapper.framework; name = AudioToolbox.framework; path = System/Library/Frameworks/AudioToolbox.framework; sourceTree = SDKROOT; };
		5F77077E1AA0D7DC0018AEBB /* CFNetwork.framework */ = {isa = PBXFileReference; lastKnownFileType = wrapper.framework; name = CFNetwork.framework; path = System/Library/Frameworks/CFNetwork.framework; sourceTree = SDKROOT; };
		5F7707801AA0D7E10018AEBB /* CoreGraphics.framework */ = {isa = PBXFileReference; lastKnownFileType = wrapper.framework; name = CoreGraphics.framework; path = System/Library/Frameworks/CoreGraphics.framework; sourceTree = SDKROOT; };
		5F7707821AA0D7E60018AEBB /* CoreLocation.framework */ = {isa = PBXFileReference; lastKnownFileType = wrapper.framework; name = CoreLocation.framework; path = System/Library/Frameworks/CoreLocation.framework; sourceTree = SDKROOT; };
		5F7707841AA0D7EB0018AEBB /* MobileCoreServices.framework */ = {isa = PBXFileReference; lastKnownFileType = wrapper.framework; name = MobileCoreServices.framework; path = System/Library/Frameworks/MobileCoreServices.framework; sourceTree = SDKROOT; };
		5F7707861AA0D7F00018AEBB /* QuartzCore.framework */ = {isa = PBXFileReference; lastKnownFileType = wrapper.framework; name = QuartzCore.framework; path = System/Library/Frameworks/QuartzCore.framework; sourceTree = SDKROOT; };
		5F7707881AA0D7F40018AEBB /* Security.framework */ = {isa = PBXFileReference; lastKnownFileType = wrapper.framework; name = Security.framework; path = System/Library/Frameworks/Security.framework; sourceTree = SDKROOT; };
		5F77078A1AA0D7F90018AEBB /* StoreKit.framework */ = {isa = PBXFileReference; lastKnownFileType = wrapper.framework; name = StoreKit.framework; path = System/Library/Frameworks/StoreKit.framework; sourceTree = SDKROOT; };
		5F77078C1AA0D7FE0018AEBB /* SystemConfiguration.framework */ = {isa = PBXFileReference; lastKnownFileType = wrapper.framework; name = SystemConfiguration.framework; path = System/Library/Frameworks/SystemConfiguration.framework; sourceTree = SDKROOT; };
		5F77078E1AA0D8030018AEBB /* libz.dylib */ = {isa = PBXFileReference; lastKnownFileType = "compiled.mach-o.dylib"; name = libz.dylib; path = usr/lib/libz.dylib; sourceTree = SDKROOT; };
		5F7707901AA0D8090018AEBB /* libsqlite3.dylib */ = {isa = PBXFileReference; lastKnownFileType = "compiled.mach-o.dylib"; name = libsqlite3.dylib; path = usr/lib/libsqlite3.dylib; sourceTree = SDKROOT; };
		5F7707931AA0D8290018AEBB /* RTApp-Bridging-Header.h */ = {isa = PBXFileReference; lastKnownFileType = sourcecode.c.h; path = "RTApp-Bridging-Header.h"; sourceTree = SOURCE_ROOT; };
		5F7707941AA0D82A0018AEBB /* RTAppHeader.m */ = {isa = PBXFileReference; fileEncoding = 4; lastKnownFileType = sourcecode.c.objc; path = RTAppHeader.m; sourceTree = SOURCE_ROOT; };
		5F7707981AA0DF6D0018AEBB /* userVC.swift */ = {isa = PBXFileReference; fileEncoding = 4; lastKnownFileType = sourcecode.swift; path = userVC.swift; sourceTree = "<group>"; };
		5F77079A1AA0E0250018AEBB /* resultsCell.swift */ = {isa = PBXFileReference; fileEncoding = 4; lastKnownFileType = sourcecode.swift; path = resultsCell.swift; sourceTree = "<group>"; };
		5F77079C1AA0F4C80018AEBB /* conversationVC.swift */ = {isa = PBXFileReference; fileEncoding = 4; lastKnownFileType = sourcecode.swift; path = conversationVC.swift; sourceTree = "<group>"; };
		5F859C491AA7A4EF00C6B1C3 /* AddressBook.framework */ = {isa = PBXFileReference; lastKnownFileType = wrapper.framework; name = AddressBook.framework; path = System/Library/Frameworks/AddressBook.framework; sourceTree = SDKROOT; };
		5F859C4B1AA7B23200C6B1C3 /* statusVC.swift */ = {isa = PBXFileReference; fileEncoding = 4; lastKnownFileType = sourcecode.swift; path = statusVC.swift; sourceTree = "<group>"; };
/* End PBXFileReference section */

/* Begin PBXFrameworksBuildPhase section */
		5F77074C1AA0CD4B0018AEBB /* Frameworks */ = {
			isa = PBXFrameworksBuildPhase;
			buildActionMask = 2147483647;
			files = (
				5F859C4A1AA7A4EF00C6B1C3 /* AddressBook.framework in Frameworks */,
				5F7707911AA0D8090018AEBB /* libsqlite3.dylib in Frameworks */,
				5F77078F1AA0D8030018AEBB /* libz.dylib in Frameworks */,
				5F77078D1AA0D7FE0018AEBB /* SystemConfiguration.framework in Frameworks */,
				5F77078B1AA0D7F90018AEBB /* StoreKit.framework in Frameworks */,
				5F7707891AA0D7F40018AEBB /* Security.framework in Frameworks */,
				5F7707871AA0D7F00018AEBB /* QuartzCore.framework in Frameworks */,
				5F7707851AA0D7EB0018AEBB /* MobileCoreServices.framework in Frameworks */,
				5F7707831AA0D7E60018AEBB /* CoreLocation.framework in Frameworks */,
				5F7707811AA0D7E10018AEBB /* CoreGraphics.framework in Frameworks */,
				5F77077F1AA0D7DC0018AEBB /* CFNetwork.framework in Frameworks */,
				5F77077D1AA0D7D60018AEBB /* AudioToolbox.framework in Frameworks */,
				5F77077B1AA0D7BE0018AEBB /* Parse.framework in Frameworks */,
				5F77077A1AA0D7BE0018AEBB /* Bolts.framework in Frameworks */,
			);
			runOnlyForDeploymentPostprocessing = 0;
		};
		5F7707611AA0CD4B0018AEBB /* Frameworks */ = {
			isa = PBXFrameworksBuildPhase;
			buildActionMask = 2147483647;
			files = (
			);
			runOnlyForDeploymentPostprocessing = 0;
		};
/* End PBXFrameworksBuildPhase section */

/* Begin PBXGroup section */
		5F7707461AA0CD4B0018AEBB = {
			isa = PBXGroup;
			children = (
				5F7707921AA0D80E0018AEBB /* Frameworks */,
				5F7707511AA0CD4B0018AEBB /* RTApp */,
				5F7707671AA0CD4B0018AEBB /* RTAppTests */,
				5F7707501AA0CD4B0018AEBB /* Products */,
			);
			sourceTree = "<group>";
		};
		5F7707501AA0CD4B0018AEBB /* Products */ = {
			isa = PBXGroup;
			children = (
				5F77074F1AA0CD4B0018AEBB /* RTApp.app */,
				5F7707641AA0CD4B0018AEBB /* RTAppTests.xctest */,
			);
			name = Products;
			sourceTree = "<group>";
		};
		5F7707511AA0CD4B0018AEBB /* RTApp */ = {
			isa = PBXGroup;
			children = (
				5F7707541AA0CD4B0018AEBB /* AppDelegate.swift */,
				5F7707941AA0D82A0018AEBB /* RTAppHeader.m */,
				5F7707931AA0D8290018AEBB /* RTApp-Bridging-Header.h */,
				5F7707561AA0CD4B0018AEBB /* loginVC.swift */,
				5F77079C1AA0F4C80018AEBB /* conversationVC.swift */,
				5F1AB44B1AA4D616004844CA /* messageCell.swift */,
				5F859C4B1AA7B23200C6B1C3 /* statusVC.swift */,
				5F1AB4531AA503AE004844CA /* kegeratorVC.swift */,
				5F7222791AA616F900741245 /* beerCell.swift */,
				5F7707741AA0CE920018AEBB /* signupVC.swift */,
				5F1AB44D1AA4EB20004844CA /* userDetailVC.swift */,
				5F1AB44F1AA4FB10004844CA /* homeVC.swift */,
				5F1AB4551AA515D7004844CA /* profileVC.swift */,
				5F1AB4491AA4D550004844CA /* messagesVC.swift */,
				5F7707981AA0DF6D0018AEBB /* userVC.swift */,
				5F5CC3871AA63B7900913C01 /* beerVC.swift */,
				5F77079A1AA0E0250018AEBB /* resultsCell.swift */,
				5F7707581AA0CD4B0018AEBB /* Main.storyboard */,
				5F77075B1AA0CD4B0018AEBB /* Images.xcassets */,
				5F77075D1AA0CD4B0018AEBB /* LaunchScreen.xib */,
				5F7707521AA0CD4B0018AEBB /* Supporting Files */,
			);
			path = RTApp;
			sourceTree = "<group>";
		};
		5F7707521AA0CD4B0018AEBB /* Supporting Files */ = {
			isa = PBXGroup;
			children = (
				5F5CC3891AA63DBE00913C01 /* beer.png */,
				5F7707761AA0CF3A0018AEBB /* 3.png */,
				5F7707531AA0CD4B0018AEBB /* Info.plist */,
			);
			name = "Supporting Files";
			sourceTree = "<group>";
		};
		5F7707671AA0CD4B0018AEBB /* RTAppTests */ = {
			isa = PBXGroup;
			children = (
				5F77076A1AA0CD4B0018AEBB /* RTAppTests.swift */,
				5F7707681AA0CD4B0018AEBB /* Supporting Files */,
			);
			path = RTAppTests;
			sourceTree = "<group>";
		};
		5F7707681AA0CD4B0018AEBB /* Supporting Files */ = {
			isa = PBXGroup;
			children = (
				5F7707691AA0CD4B0018AEBB /* Info.plist */,
			);
			name = "Supporting Files";
			sourceTree = "<group>";
		};
		5F7707921AA0D80E0018AEBB /* Frameworks */ = {
			isa = PBXGroup;
			children = (
				5F859C491AA7A4EF00C6B1C3 /* AddressBook.framework */,
				5F7707901AA0D8090018AEBB /* libsqlite3.dylib */,
				5F77078E1AA0D8030018AEBB /* libz.dylib */,
				5F77078C1AA0D7FE0018AEBB /* SystemConfiguration.framework */,
				5F77078A1AA0D7F90018AEBB /* StoreKit.framework */,
				5F7707881AA0D7F40018AEBB /* Security.framework */,
				5F7707861AA0D7F00018AEBB /* QuartzCore.framework */,
				5F7707841AA0D7EB0018AEBB /* MobileCoreServices.framework */,
				5F7707821AA0D7E60018AEBB /* CoreLocation.framework */,
				5F7707801AA0D7E10018AEBB /* CoreGraphics.framework */,
				5F77077E1AA0D7DC0018AEBB /* CFNetwork.framework */,
				5F77077C1AA0D7D60018AEBB /* AudioToolbox.framework */,
				5F7707781AA0D7BE0018AEBB /* Bolts.framework */,
				5F7707791AA0D7BE0018AEBB /* Parse.framework */,
			);
			name = Frameworks;
			sourceTree = "<group>";
		};
/* End PBXGroup section */

/* Begin PBXNativeTarget section */
		5F77074E1AA0CD4B0018AEBB /* RTApp */ = {
			isa = PBXNativeTarget;
			buildConfigurationList = 5F77076E1AA0CD4B0018AEBB /* Build configuration list for PBXNativeTarget "RTApp" */;
			buildPhases = (
				5F77074B1AA0CD4B0018AEBB /* Sources */,
				5F77074C1AA0CD4B0018AEBB /* Frameworks */,
				5F77074D1AA0CD4B0018AEBB /* Resources */,
			);
			buildRules = (
			);
			dependencies = (
			);
			name = RTApp;
			productName = RTApp;
			productReference = 5F77074F1AA0CD4B0018AEBB /* RTApp.app */;
			productType = "com.apple.product-type.application";
		};
		5F7707631AA0CD4B0018AEBB /* RTAppTests */ = {
			isa = PBXNativeTarget;
			buildConfigurationList = 5F7707711AA0CD4B0018AEBB /* Build configuration list for PBXNativeTarget "RTAppTests" */;
			buildPhases = (
				5F7707601AA0CD4B0018AEBB /* Sources */,
				5F7707611AA0CD4B0018AEBB /* Frameworks */,
				5F7707621AA0CD4B0018AEBB /* Resources */,
			);
			buildRules = (
			);
			dependencies = (
				5F7707661AA0CD4B0018AEBB /* PBXTargetDependency */,
			);
			name = RTAppTests;
			productName = RTAppTests;
			productReference = 5F7707641AA0CD4B0018AEBB /* RTAppTests.xctest */;
			productType = "com.apple.product-type.bundle.unit-test";
		};
/* End PBXNativeTarget section */

/* Begin PBXProject section */
		5F7707471AA0CD4B0018AEBB /* Project object */ = {
			isa = PBXProject;
			attributes = {
				LastUpgradeCheck = 0610;
				ORGANIZATIONNAME = "Ben Barclay";
				TargetAttributes = {
					5F77074E1AA0CD4B0018AEBB = {
						CreatedOnToolsVersion = 6.1.1;
						DevelopmentTeam = L5TX56VNVF;
					};
					5F7707631AA0CD4B0018AEBB = {
						CreatedOnToolsVersion = 6.1.1;
						DevelopmentTeam = L5TX56VNVF;
						TestTargetID = 5F77074E1AA0CD4B0018AEBB;
					};
				};
			};
			buildConfigurationList = 5F77074A1AA0CD4B0018AEBB /* Build configuration list for PBXProject "RTApp" */;
			compatibilityVersion = "Xcode 3.2";
			developmentRegion = English;
			hasScannedForEncodings = 0;
			knownRegions = (
				en,
				Base,
			);
			mainGroup = 5F7707461AA0CD4B0018AEBB;
			productRefGroup = 5F7707501AA0CD4B0018AEBB /* Products */;
			projectDirPath = "";
			projectRoot = "";
			targets = (
				5F77074E1AA0CD4B0018AEBB /* RTApp */,
				5F7707631AA0CD4B0018AEBB /* RTAppTests */,
			);
		};
/* End PBXProject section */

/* Begin PBXResourcesBuildPhase section */
		5F77074D1AA0CD4B0018AEBB /* Resources */ = {
			isa = PBXResourcesBuildPhase;
			buildActionMask = 2147483647;
			files = (
				5F77075A1AA0CD4B0018AEBB /* Main.storyboard in Resources */,
				5F5CC38A1AA63DBE00913C01 /* beer.png in Resources */,
				5F77075F1AA0CD4B0018AEBB /* LaunchScreen.xib in Resources */,
				5F77075C1AA0CD4B0018AEBB /* Images.xcassets in Resources */,
				5F7707771AA0CF3A0018AEBB /* 3.png in Resources */,
			);
			runOnlyForDeploymentPostprocessing = 0;
		};
		5F7707621AA0CD4B0018AEBB /* Resources */ = {
			isa = PBXResourcesBuildPhase;
			buildActionMask = 2147483647;
			files = (
			);
			runOnlyForDeploymentPostprocessing = 0;
		};
/* End PBXResourcesBuildPhase section */

/* Begin PBXSourcesBuildPhase section */
		5F77074B1AA0CD4B0018AEBB /* Sources */ = {
			isa = PBXSourcesBuildPhase;
			buildActionMask = 2147483647;
			files = (
				5F77079B1AA0E0250018AEBB /* resultsCell.swift in Sources */,
				5F72227A1AA616F900741245 /* beerCell.swift in Sources */,
				5F7707951AA0D82A0018AEBB /* RTAppHeader.m in Sources */,
				5F77079D1AA0F4C80018AEBB /* conversationVC.swift in Sources */,
				5F5CC3881AA63B7900913C01 /* beerVC.swift in Sources */,
				5F7707571AA0CD4B0018AEBB /* loginVC.swift in Sources */,
				5F859C4C1AA7B23200C6B1C3 /* statusVC.swift in Sources */,
				5F1AB44E1AA4EB20004844CA /* userDetailVC.swift in Sources */,
				5F1AB4541AA503AE004844CA /* kegeratorVC.swift in Sources */,
				5F1AB44A1AA4D550004844CA /* messagesVC.swift in Sources */,
				5F7707991AA0DF6D0018AEBB /* userVC.swift in Sources */,
				5F1AB44C1AA4D616004844CA /* messageCell.swift in Sources */,
				5F1AB4501AA4FB10004844CA /* homeVC.swift in Sources */,
				5F1AB4561AA515D7004844CA /* profileVC.swift in Sources */,
				5F7707551AA0CD4B0018AEBB /* AppDelegate.swift in Sources */,
				5F7707751AA0CE920018AEBB /* signupVC.swift in Sources */,
			);
			runOnlyForDeploymentPostprocessing = 0;
		};
		5F7707601AA0CD4B0018AEBB /* Sources */ = {
			isa = PBXSourcesBuildPhase;
			buildActionMask = 2147483647;
			files = (
				5F77076B1AA0CD4B0018AEBB /* RTAppTests.swift in Sources */,
			);
			runOnlyForDeploymentPostprocessing = 0;
		};
/* End PBXSourcesBuildPhase section */

/* Begin PBXTargetDependency section */
		5F7707661AA0CD4B0018AEBB /* PBXTargetDependency */ = {
			isa = PBXTargetDependency;
			target = 5F77074E1AA0CD4B0018AEBB /* RTApp */;
			targetProxy = 5F7707651AA0CD4B0018AEBB /* PBXContainerItemProxy */;
		};
/* End PBXTargetDependency section */

/* Begin PBXVariantGroup section */
		5F7707581AA0CD4B0018AEBB /* Main.storyboard */ = {
			isa = PBXVariantGroup;
			children = (
				5F7707591AA0CD4B0018AEBB /* Base */,
			);
			name = Main.storyboard;
			sourceTree = "<group>";
		};
		5F77075D1AA0CD4B0018AEBB /* LaunchScreen.xib */ = {
			isa = PBXVariantGroup;
			children = (
				5F77075E1AA0CD4B0018AEBB /* Base */,
			);
			name = LaunchScreen.xib;
			sourceTree = "<group>";
		};
/* End PBXVariantGroup section */

/* Begin XCBuildConfiguration section */
		5F77076C1AA0CD4B0018AEBB /* Debug */ = {
			isa = XCBuildConfiguration;
			buildSettings = {
				ALWAYS_SEARCH_USER_PATHS = NO;
				CLANG_CXX_LANGUAGE_STANDARD = "gnu++0x";
				CLANG_CXX_LIBRARY = "libc++";
				CLANG_ENABLE_MODULES = YES;
				CLANG_ENABLE_OBJC_ARC = YES;
				CLANG_WARN_BOOL_CONVERSION = YES;
				CLANG_WARN_CONSTANT_CONVERSION = YES;
				CLANG_WARN_DIRECT_OBJC_ISA_USAGE = YES_ERROR;
				CLANG_WARN_EMPTY_BODY = YES;
				CLANG_WARN_ENUM_CONVERSION = YES;
				CLANG_WARN_INT_CONVERSION = YES;
				CLANG_WARN_OBJC_ROOT_CLASS = YES_ERROR;
				CLANG_WARN_UNREACHABLE_CODE = YES;
				CLANG_WARN__DUPLICATE_METHOD_MATCH = YES;
				CODE_SIGN_IDENTITY = "iPhone Developer";
				"CODE_SIGN_IDENTITY[sdk=iphoneos*]" = "iPhone Developer";
				COPY_PHASE_STRIP = NO;
				ENABLE_STRICT_OBJC_MSGSEND = YES;
				GCC_C_LANGUAGE_STANDARD = gnu99;
				GCC_DYNAMIC_NO_PIC = NO;
				GCC_OPTIMIZATION_LEVEL = 0;
				GCC_PREPROCESSOR_DEFINITIONS = (
					"DEBUG=1",
					"$(inherited)",
				);
				GCC_SYMBOLS_PRIVATE_EXTERN = NO;
				GCC_WARN_64_TO_32_BIT_CONVERSION = YES;
				GCC_WARN_ABOUT_RETURN_TYPE = YES_ERROR;
				GCC_WARN_UNDECLARED_SELECTOR = YES;
				GCC_WARN_UNINITIALIZED_AUTOS = YES_AGGRESSIVE;
				GCC_WARN_UNUSED_FUNCTION = YES;
				GCC_WARN_UNUSED_VARIABLE = YES;
				IPHONEOS_DEPLOYMENT_TARGET = 8.1;
				MTL_ENABLE_DEBUG_INFO = YES;
				ONLY_ACTIVE_ARCH = YES;
				PROVISIONING_PROFILE = "099289be-6dbd-4a9a-9a87-39cd46c8e962";
				SDKROOT = iphoneos;
				SWIFT_OPTIMIZATION_LEVEL = "-Onone";
			};
			name = Debug;
		};
		5F77076D1AA0CD4B0018AEBB /* Release */ = {
			isa = XCBuildConfiguration;
			buildSettings = {
				ALWAYS_SEARCH_USER_PATHS = NO;
				CLANG_CXX_LANGUAGE_STANDARD = "gnu++0x";
				CLANG_CXX_LIBRARY = "libc++";
				CLANG_ENABLE_MODULES = YES;
				CLANG_ENABLE_OBJC_ARC = YES;
				CLANG_WARN_BOOL_CONVERSION = YES;
				CLANG_WARN_CONSTANT_CONVERSION = YES;
				CLANG_WARN_DIRECT_OBJC_ISA_USAGE = YES_ERROR;
				CLANG_WARN_EMPTY_BODY = YES;
				CLANG_WARN_ENUM_CONVERSION = YES;
				CLANG_WARN_INT_CONVERSION = YES;
				CLANG_WARN_OBJC_ROOT_CLASS = YES_ERROR;
				CLANG_WARN_UNREACHABLE_CODE = YES;
				CLANG_WARN__DUPLICATE_METHOD_MATCH = YES;
				CODE_SIGN_IDENTITY = "iPhone Developer";
				"CODE_SIGN_IDENTITY[sdk=iphoneos*]" = "iPhone Developer";
				COPY_PHASE_STRIP = YES;
				ENABLE_NS_ASSERTIONS = NO;
				ENABLE_STRICT_OBJC_MSGSEND = YES;
				GCC_C_LANGUAGE_STANDARD = gnu99;
				GCC_WARN_64_TO_32_BIT_CONVERSION = YES;
				GCC_WARN_ABOUT_RETURN_TYPE = YES_ERROR;
				GCC_WARN_UNDECLARED_SELECTOR = YES;
				GCC_WARN_UNINITIALIZED_AUTOS = YES_AGGRESSIVE;
				GCC_WARN_UNUSED_FUNCTION = YES;
				GCC_WARN_UNUSED_VARIABLE = YES;
				IPHONEOS_DEPLOYMENT_TARGET = 8.1;
				MTL_ENABLE_DEBUG_INFO = NO;
				PROVISIONING_PROFILE = "099289be-6dbd-4a9a-9a87-39cd46c8e962";
				SDKROOT = iphoneos;
				VALIDATE_PRODUCT = YES;
			};
			name = Release;
		};
		5F77076F1AA0CD4B0018AEBB /* Debug */ = {
			isa = XCBuildConfiguration;
			buildSettings = {
				ASSETCATALOG_COMPILER_APPICON_NAME = AppIcon;
				CLANG_ENABLE_MODULES = YES;
				CODE_SIGN_IDENTITY = "iPhone Developer";
				"CODE_SIGN_IDENTITY[sdk=iphoneos*]" = "iPhone Developer";
				FRAMEWORK_SEARCH_PATHS = (
					"$(inherited)",
					"/Users/bbarclay/Downloads/parse-library-1.6.3",
				);
				INFOPLIST_FILE = RTApp/Info.plist;
				LD_RUNPATH_SEARCH_PATHS = "$(inherited) @executable_path/Frameworks";
				PRODUCT_NAME = "$(TARGET_NAME)";
				PROVISIONING_PROFILE = "";
				SWIFT_OBJC_BRIDGING_HEADER = "RTApp-Bridging-Header.h";
				SWIFT_OPTIMIZATION_LEVEL = "-Onone";
			};
			name = Debug;
		};
		5F7707701AA0CD4B0018AEBB /* Release */ = {
			isa = XCBuildConfiguration;
			buildSettings = {
				ASSETCATALOG_COMPILER_APPICON_NAME = AppIcon;
				CLANG_ENABLE_MODULES = YES;
				CODE_SIGN_IDENTITY = "iPhone Developer";
				"CODE_SIGN_IDENTITY[sdk=iphoneos*]" = "iPhone Developer";
				FRAMEWORK_SEARCH_PATHS = (
					"$(inherited)",
					"/Users/bbarclay/Downloads/parse-library-1.6.3",
				);
				INFOPLIST_FILE = RTApp/Info.plist;
				LD_RUNPATH_SEARCH_PATHS = "$(inherited) @executable_path/Frameworks";
				PRODUCT_NAME = "$(TARGET_NAME)";
				PROVISIONING_PROFILE = "";
				SWIFT_OBJC_BRIDGING_HEADER = "RTApp-Bridging-Header.h";
			};
			name = Release;
		};
		5F7707721AA0CD4B0018AEBB /* Debug */ = {
			isa = XCBuildConfiguration;
			buildSettings = {
				BUNDLE_LOADER = "$(TEST_HOST)";
				CODE_SIGN_IDENTITY = "iPhone Developer";
				"CODE_SIGN_IDENTITY[sdk=iphoneos*]" = "iPhone Developer";
				FRAMEWORK_SEARCH_PATHS = (
					"$(SDKROOT)/Developer/Library/Frameworks",
					"$(inherited)",
				);
				GCC_PREPROCESSOR_DEFINITIONS = (
					"DEBUG=1",
					"$(inherited)",
				);
				INFOPLIST_FILE = RTAppTests/Info.plist;
				LD_RUNPATH_SEARCH_PATHS = "$(inherited) @executable_path/Frameworks @loader_path/Frameworks";
				PRODUCT_NAME = "$(TARGET_NAME)";
				PROVISIONING_PROFILE = "";
				TEST_HOST = "$(BUILT_PRODUCTS_DIR)/RTApp.app/RTApp";
			};
			name = Debug;
		};
		5F7707731AA0CD4B0018AEBB /* Release */ = {
			isa = XCBuildConfiguration;
			buildSettings = {
				BUNDLE_LOADER = "$(TEST_HOST)";
				CODE_SIGN_IDENTITY = "iPhone Developer";
				"CODE_SIGN_IDENTITY[sdk=iphoneos*]" = "iPhone Developer";
				FRAMEWORK_SEARCH_PATHS = (
					"$(SDKROOT)/Developer/Library/Frameworks",
					"$(inherited)",
				);
				INFOPLIST_FILE = RTAppTests/Info.plist;
				LD_RUNPATH_SEARCH_PATHS = "$(inherited) @executable_path/Frameworks @loader_path/Frameworks";
				PRODUCT_NAME = "$(TARGET_NAME)";
				PROVISIONING_PROFILE = "";
				TEST_HOST = "$(BUILT_PRODUCTS_DIR)/RTApp.app/RTApp";
			};
			name = Release;
		};
/* End XCBuildConfiguration section */

/* Begin XCConfigurationList section */
		5F77074A1AA0CD4B0018AEBB /* Build configuration list for PBXProject "RTApp" */ = {
			isa = XCConfigurationList;
			buildConfigurations = (
				5F77076C1AA0CD4B0018AEBB /* Debug */,
				5F77076D1AA0CD4B0018AEBB /* Release */,
			);
			defaultConfigurationIsVisible = 0;
			defaultConfigurationName = Release;
		};
		5F77076E1AA0CD4B0018AEBB /* Build configuration list for PBXNativeTarget "RTApp" */ = {
			isa = XCConfigurationList;
			buildConfigurations = (
				5F77076F1AA0CD4B0018AEBB /* Debug */,
				5F7707701AA0CD4B0018AEBB /* Release */,
			);
			defaultConfigurationIsVisible = 0;
			defaultConfigurationName = Release;
		};
		5F7707711AA0CD4B0018AEBB /* Build configuration list for PBXNativeTarget "RTAppTests" */ = {
			isa = XCConfigurationList;
			buildConfigurations = (
				5F7707721AA0CD4B0018AEBB /* Debug */,
				5F7707731AA0CD4B0018AEBB /* Release */,
			);
			defaultConfigurationIsVisible = 0;
			defaultConfigurationName = Release;
		};
/* End XCConfigurationList section */
	};
	rootObject = 5F7707471AA0CD4B0018AEBB /* Project object */;
}
